# This file is autogenerated, do not edit; changes may be undone by the next 'dep ensure'.


[[projects]]
  digest = "1:3dd078fda7500c341bc26cfbc6c6a34614f295a2457149fc1045cab767cbcf18"
  name = "github.com/golang/protobuf"
  packages = [
    "proto",
    "protoc-gen-go/descriptor",
    "ptypes",
    "ptypes/any",
    "ptypes/duration",
    "ptypes/timestamp",
  ]
  pruneopts = ""
  revision = "aa810b61a9c79d51363740d207bb46cf8e620ed5"
  version = "v1.2.0"

[[projects]]
  digest = "1:9a0b2dd1f882668a3d7fbcd424eed269c383a16f1faa3a03d14e0dd5fba571b1"
  name = "github.com/grpc-ecosystem/go-grpc-middleware"
  packages = [
    ".",
    "auth",
    "util/metautils",
  ]
  pruneopts = ""
  revision = "c250d6563d4d4c20252cd865923440e829844f4e"
  version = "v1.0.0"

[[projects]]
  digest = "1:870d441fe217b8e689d7949fef6e43efbc787e50f200cb1e70dbca9204a1d6be"
  name = "github.com/inconshreveable/mousetrap"
  packages = ["."]
  pruneopts = ""
  revision = "76626ae9c91c4f2a10f34cad8ce83ea42c93bb75"
  version = "v1.0"

[[projects]]
  digest = "1:0cc441f3dfe124dd74f44dd7e466dfc17cc7edff468094fbc3847a96b5ebf6f7"
  name = "github.com/nalej/derrors"
  packages = ["."]
  pruneopts = ""
  revision = "7a6df7f0bb1c7cddfec82c91119f193f6fcbc9d5"
  version = "v2.0.0"

[[projects]]
  digest = "1:42d147b2a3c8584a7e8c4e56b36d2ac6f493995f9db841b9f3876147bdf53f1c"
  name = "github.com/nalej/grpc-authx-go"
  packages = ["."]
  pruneopts = ""
  revision = "03ec5ed08aedac455c8f6e1fbf24e82862b30da9"
  version = "v0.0.21"

[[projects]]
  digest = "1:db0878de5d1da599f44c38024f52670f5d6f092128f9ea1b75e091c85bab5a63"
  name = "github.com/nalej/grpc-common-go"
  packages = ["."]
  pruneopts = ""
  revision = "cc15cf79540e1e90ec39dc5462b58314c1521a7b"
  version = "v0.0.16"

[[projects]]
  digest = "1:b3987441cf3becbc8c51c5d9f7b4c0604ab7df0db1adf8f9b35fb504286e434d"
  name = "github.com/nalej/grpc-organization-go"
  packages = ["."]
  pruneopts = ""
  revision = "3794ff75fc45bdafdd943b649128267176fc9332"
  version = "v0.0.15"

[[projects]]
  digest = "1:60a11aa6f0aa6c34cb48aa118a60a4b0526e8319a35183d965eb44cd7020603e"
  name = "github.com/nalej/grpc-signup-go"
  packages = ["."]
  pruneopts = ""
  revision = "2805b3919b9227acc68d33151d1b5b61754cb454"
  version = "v0.0.6"

[[projects]]
  digest = "1:7dc47cae9156e00912825d7ce8cd95d04b4d195276460b07f3c8e0e2c6db0174"
  name = "github.com/nalej/grpc-user-go"
  packages = ["."]
  pruneopts = ""
  revision = "2ec7ed669e4a9048342cf6e48b392bc557899850"
  version = "v0.0.13"

[[projects]]
  digest = "1:9a23679aa84d752d3f5f2d9b713ce467aff03ada461e544ee7bf95bb761e4f7b"
  name = "github.com/nalej/grpc-user-manager-go"
  packages = ["."]
  pruneopts = ""
  revision = "7849c2997701f874c4ad7998ae1acb8506a0cd59"
  version = "v0.0.11"

[[projects]]
  digest = "1:05c1a54c80e2d88b6af8f6e3af68ded6ef7f5aea9a28873fb68edc72ea798581"
  name = "github.com/nalej/grpc-utils"
  packages = [
    "pkg/conversions",
    "pkg/tools",
  ]
  pruneopts = ""
  revision = "5dd4662c03100806b57763212966a72e0c4b85e5"
  version = "v1.1.0"

[[projects]]
  digest = "1:d518eb4bfb76545977b0be8549606e6de5c56f8887b84cc24d12f5ec1c587e3a"
  name = "github.com/rs/zerolog"
  packages = [
    ".",
    "internal/cbor",
    "internal/json",
    "log",
  ]
  pruneopts = ""
  revision = "8747b7b3a51b5d08ee7ac50eaf4869edaf9f714a"
  version = "v1.11.0"

[[projects]]
  digest = "1:a1403cc8a94b8d7956ee5e9694badef0e7b051af289caad1cf668331e3ffa4f6"
  name = "github.com/spf13/cobra"
  packages = ["."]
  pruneopts = ""
  revision = "ef82de70bb3f60c65fb8eebacbb2d122ef517385"
  version = "v0.0.3"

[[projects]]
  digest = "1:cbaf13cdbfef0e4734ed8a7504f57fe893d471d62a35b982bf6fb3f036449a66"
  name = "github.com/spf13/pflag"
  packages = ["."]
  pruneopts = ""
  revision = "298182f68c66c05229eb03ac171abe6e309ee79a"
  version = "v1.0.3"

[[projects]]
  branch = "master"
  digest = "1:4ac199b027ed34460ec4e0a92c882156f561e78cd046fef095e50f867462435a"
  name = "golang.org/x/net"
  packages = [
    "context",
    "http/httpguts",
    "http2",
    "http2/hpack",
    "idna",
    "internal/timeseries",
    "trace",
  ]
  pruneopts = ""
  revision = "adae6a3d119ae4890b46832a2e88a95adc62b8e7"

[[projects]]
  branch = "master"
  digest = "1:303c0ee48d6229a2423950f41b3ccb5a2067dc4c7b65f8863cfbd962bef05a85"
  name = "golang.org/x/sys"
  packages = ["unix"]
  pruneopts = ""
  revision = "62eef0e2fa9b2c385f7b2778e763486da6880d37"

[[projects]]
  digest = "1:5acd3512b047305d49e8763eef7ba423901e85d5dd2fd1e71778a0ea8de10bd4"
  name = "golang.org/x/text"
  packages = [
    "collate",
    "collate/build",
    "internal/colltab",
    "internal/gen",
    "internal/tag",
    "internal/triegen",
    "internal/ucd",
    "language",
    "secure/bidirule",
    "transform",
    "unicode/bidi",
    "unicode/cldr",
    "unicode/norm",
    "unicode/rangetable",
  ]
  pruneopts = ""
  revision = "f21a4dfb5e38f5895301dc265a8def02365cc3d0"
  version = "v0.3.0"

[[projects]]
  branch = "master"
  digest = "1:212d4045ef941b209a154001718705dc723bd77e0200fcea36d15ec87ed49dec"
  name = "google.golang.org/genproto"
  packages = [
    "googleapis/rpc/errdetails",
    "googleapis/rpc/status",
  ]
  pruneopts = ""
  revision = "b5d43981345bdb2c233eb4bf3277847b48c6fdc6"

[[projects]]
  digest = "1:1293087271e314cfa2b3decededba2ecba0ff327e7b7809e00f73f616449191c"
  name = "google.golang.org/grpc"
  packages = [
    ".",
    "balancer",
    "balancer/base",
    "balancer/roundrobin",
    "codes",
    "connectivity",
    "credentials",
    "encoding",
    "encoding/proto",
    "grpclog",
    "internal",
    "internal/backoff",
    "internal/channelz",
    "internal/envconfig",
    "internal/grpcrand",
    "internal/transport",
    "keepalive",
    "metadata",
    "naming",
    "peer",
    "reflection",
    "reflection/grpc_reflection_v1alpha",
    "resolver",
    "resolver/dns",
    "resolver/passthrough",
    "stats",
    "status",
    "tap",
  ]
  pruneopts = ""
  revision = "2e463a05d100327ca47ac218281906921038fd95"
  version = "v1.16.0"

[solve-meta]
  analyzer-name = "dep"
  analyzer-version = 1
  input-imports = [
    "github.com/grpc-ecosystem/go-grpc-middleware/auth",
    "github.com/nalej/derrors",
    "github.com/nalej/grpc-authx-go",
    "github.com/nalej/grpc-organization-go",
    "github.com/nalej/grpc-signup-go",
    "github.com/nalej/grpc-user-manager-go",
    "github.com/nalej/grpc-utils/pkg/conversions",
    "github.com/nalej/grpc-utils/pkg/tools",
    "github.com/rs/zerolog",
    "github.com/rs/zerolog/log",
    "github.com/spf13/cobra",
    "google.golang.org/grpc",
    "google.golang.org/grpc/codes",
    "google.golang.org/grpc/credentials",
    "google.golang.org/grpc/peer",
    "google.golang.org/grpc/reflection",
    "google.golang.org/grpc/status",
  ]
  solver-name = "gps-cdcl"
  solver-version = 1
