# This file is autogenerated, do not edit; changes may be undone by the next 'dep ensure'.


[[projects]]
  digest = "1:b852d2b62be24e445fcdbad9ce3015b44c207815d631230dfce3f14e7803f5bf"
  name = "github.com/golang/protobuf"
  packages = [
    "proto",
    "protoc-gen-go/descriptor",
    "ptypes",
    "ptypes/any",
    "ptypes/duration",
    "ptypes/timestamp",
  ]
  pruneopts = ""
  revision = "6c65a5562fc06764971b7c5d05c76c75e84bdbf7"
  version = "v1.3.2"

[[projects]]
  digest = "1:cbea643bd7f1c76bb6e48ab08f3dd01456602ab7b252f3c85133d7a1a6413a18"
  name = "github.com/grpc-ecosystem/go-grpc-middleware"
  packages = [
    ".",
    "auth",
    "util/metautils",
  ]
  pruneopts = ""
  revision = "dd15ed025b6054e5253963e355991f3070d4e593"
  version = "v1.1.0"

[[projects]]
  digest = "1:870d441fe217b8e689d7949fef6e43efbc787e50f200cb1e70dbca9204a1d6be"
  name = "github.com/inconshreveable/mousetrap"
  packages = ["."]
  pruneopts = ""
  revision = "76626ae9c91c4f2a10f34cad8ce83ea42c93bb75"
  version = "v1.0"

[[projects]]
  digest = "1:b651ba0ea8155a78a3a2b23e4cc86f85c44ce62856a565632444eb418d0d960e"
  name = "github.com/nalej/derrors"
  packages = ["."]
  pruneopts = ""
  revision = "bfc722761e86fbac74fae4f43db51901a538b72a"
  version = "v2.1.0"

[[projects]]
  digest = "1:457056233d3c0a6073811965928edc5f9584a52da7c53c14d66c5e5498872bef"
  name = "github.com/nalej/grpc-account-go"
  packages = ["."]
  pruneopts = ""
  revision = "c3d0ce01c6e9d92500fc87bae6c872cf97faf020"
  version = "v0.0.3"

[[projects]]
  digest = "1:fcc5f6f0dc144dba443741b99e11d4a537b0a549c6a98b866e861caf65365c96"
  name = "github.com/nalej/grpc-application-go"
  packages = ["."]
  pruneopts = ""
  revision = "76e88078ddab4c0b7d0e96d5e21654c03e5be405"
  version = "v0.0.87"

[[projects]]
  digest = "1:f62e1ce18a33ecc03d7842550835685ada98b6f9d106972a4071210e4e43f50f"
  name = "github.com/nalej/grpc-authx-go"
  packages = ["."]
  pruneopts = ""
  revision = "50c036c36aa063784c9d1b5472e5956500c946f5"
  version = "v0.0.53"

[[projects]]
  digest = "1:75e03b0b6498a5fe1d225717fa67388a01d771b7f6c8f93b652483b6d9f354fe"
  name = "github.com/nalej/grpc-cluster-watcher-go"
  packages = ["."]
  pruneopts = ""
  revision = "b3113b81356f3366b4d4534fc4bb821f1c784ae9"
  version = "v0.0.8"

[[projects]]
  digest = "1:f7affbf0487bfef4c92c9be9234abed9edc6143336ebada5cf0c57ff929d4e82"
  name = "github.com/nalej/grpc-common-go"
  packages = ["."]
  pruneopts = ""
  revision = "f6261d454b290e9abb76dfc9a6ca5c0b4fcad40b"
  version = "v0.0.34"

[[projects]]
  digest = "1:98b6027953482c9efb9ff40892c51d876d819a3a58543c7b5eb7c099c90d2d13"
  name = "github.com/nalej/grpc-connectivity-manager-go"
  packages = ["."]
  pruneopts = ""
  revision = "506a8e19e5f0c5d7d83bd08d473c1ae07439a310"
  version = "v0.0.4"

[[projects]]
  digest = "1:75f5f583927c28b8efe3492542b05bdbefb00505ad61afd99691b259df90b4cb"
  name = "github.com/nalej/grpc-device-go"
  packages = ["."]
  pruneopts = ""
  revision = "d89c6434d8647a6d36c6fa61637c09ff701a0b28"
  version = "v0.0.39"

[[projects]]
  digest = "1:1c35b1661f12252715dba9ba5b5c63088cc0b75f11ab3fc2b1aaf6aab260dd0e"
  name = "github.com/nalej/grpc-infrastructure-go"
  packages = ["."]
  pruneopts = ""
  revision = "9921f1d466c440a1ad702aa955f97e8d64a1a9bd"
  version = "v0.0.47"

[[projects]]
  digest = "1:52d4ed526ec58b9544a3cec008022015f95d025032a82320f8e53a799cc1d721"
  name = "github.com/nalej/grpc-inventory-go"
  packages = ["."]
  pruneopts = ""
  revision = "6e8e4092a118915cf8c4badf14b409ab90ec5f65"
  version = "v0.0.31"

[[projects]]
  digest = "1:7e26a8f455c4e7978f049bd0c2e53f7f1195e15f66fe1ba9f11bd278105ef803"
  name = "github.com/nalej/grpc-organization-go"
  packages = ["."]
  pruneopts = ""
  revision = "db43aba4f994f9c1b4740ff1c6126c636d5f5dd0"
  version = "v0.0.34"

[[projects]]
  digest = "1:e93099df7b2c493f8a4cb0ff1e0948b382348ab07850d72480a7ebe406ed8d09"
  name = "github.com/nalej/grpc-organization-manager-go"
  packages = ["."]
  pruneopts = ""
  revision = "acf8c70e3c900214881f7189b89128da5d5f1e9c"
  version = "v0.0.3"

[[projects]]
  digest = "1:04665058968000b594204bad78216f04d1b575f8fefe558a4eeecc75964ebf62"
  name = "github.com/nalej/grpc-project-go"
  packages = ["."]
  pruneopts = ""
  revision = "e4e5c1fb72cc23bdc744a04659c41d937b1eed31"
  version = "v0.0.3"

[[projects]]
  digest = "1:200a021656d3cccd56f6d456c3d5a37e717953bf77982c8f6c7934888496b24e"
  name = "github.com/nalej/grpc-signup-go"
  packages = ["."]
  pruneopts = ""
  revision = "0724dfccc48b9b8d2d9b66677ae4b1cae5c35c78"
  version = "v0.0.25"

[[projects]]
  digest = "1:c28ae2de3465b87c885623e72f1a3d8df64c2eac7dde5bd920d53e256e29ba52"
  name = "github.com/nalej/grpc-user-go"
  packages = ["."]
  pruneopts = ""
  revision = "acad5ce030ec1f89c2e4bb90c11b89fb19427c46"
  version = "v0.0.37"

[[projects]]
  digest = "1:7a32bdd201afeaf3feddc70ef8dbc24fc76690dc2176ff7bf350b4cdbe0b9f42"
  name = "github.com/nalej/grpc-user-manager-go"
  packages = ["."]
  pruneopts = ""
  revision = "62bbbd03621cec64f40f2218523622a9cc6a79b4"
  version = "v0.0.30"

[[projects]]
  digest = "1:0261633894934ecc23f9b2551c21676dc5e89554d76aafd8ccb84aff21196799"
  name = "github.com/nalej/grpc-utils"
  packages = ["pkg/conversions"]
  pruneopts = ""
  revision = "f47f46a9b4002710e515fe04b3287585e1736a3f"
  version = "v1.5.0"

[[projects]]
  digest = "1:bb20b170036a4c2c75c40fe0aaf908437e7d03e33f28d9ddbad54f8ed017fb57"
  name = "github.com/rs/zerolog"
  packages = [
    ".",
    "internal/cbor",
    "internal/json",
    "log",
  ]
  pruneopts = ""
  revision = "f1dd50b8c64d79be1392edf1d8fda5cedea4916d"
  version = "v1.17.2"

[[projects]]
  digest = "1:0c63b3c7ad6d825a898f28cb854252a3b29d37700c68a117a977263f5ec94efe"
  name = "github.com/spf13/cobra"
  packages = ["."]
  pruneopts = ""
  revision = "f2b07da1e2c38d5f12845a4f607e2e1018cbb1f5"
  version = "v0.0.5"

[[projects]]
  digest = "1:688428eeb1ca80d92599eb3254bdf91b51d7e232fead3a73844c1f201a281e51"
  name = "github.com/spf13/pflag"
  packages = ["."]
  pruneopts = ""
  revision = "2e9d26c8c37aae03e3f9d4e90b7116f5accb7cab"
  version = "v1.0.5"

[[projects]]
  branch = "master"
  digest = "1:bce1fb1dafa615413d845819aa75ba69d0979cdc2ac3b840e1c19c802a737916"
  name = "golang.org/x/net"
  packages = [
    "context",
    "http/httpguts",
    "http2",
    "http2/hpack",
    "idna",
    "internal/timeseries",
    "trace",
  ]
  pruneopts = ""
  revision = "6afb5195e5aab057fda82e27171243402346b0ad"

[[projects]]
  branch = "master"
  digest = "1:2dc6ac731cf3c523a1664304b556e76736924ba2974daa9cebcbf1372c0641ec"
  name = "golang.org/x/sys"
  packages = ["unix"]
  pruneopts = ""
  revision = "9fbb57f87de9ccfe3a99d4e3270ce8a926ebba4f"

[[projects]]
  digest = "1:740b51a55815493a8d0f2b1e0d0ae48fe48953bf7eaf3fcc4198823bf67768c0"
  name = "golang.org/x/text"
  packages = [
    "collate",
    "collate/build",
    "internal/colltab",
    "internal/gen",
    "internal/language",
    "internal/language/compact",
    "internal/tag",
    "internal/triegen",
    "internal/ucd",
    "language",
    "secure/bidirule",
    "transform",
    "unicode/bidi",
    "unicode/cldr",
    "unicode/norm",
    "unicode/rangetable",
  ]
  pruneopts = ""
  revision = "342b2e1fbaa52c93f31447ad2c6abc048c63e475"
  version = "v0.3.2"

[[projects]]
  branch = "master"
  digest = "1:715ccc4387c2678114966fdc2646be12a6cc700c7de2c5e5831ba8e62f8067bb"
  name = "google.golang.org/genproto"
  packages = [
    "googleapis/rpc/errdetails",
    "googleapis/rpc/status",
  ]
  pruneopts = ""
  revision = "2548664c049f60b1d6488978017f539ec300e34d"

[[projects]]
  digest = "1:7af390490e636a6adc9c76b37a3c823195fbf375a02c4d9506b4dd49d5d2409a"
  name = "google.golang.org/grpc"
  packages = [
    ".",
    "attributes",
    "backoff",
    "balancer",
    "balancer/base",
    "balancer/roundrobin",
    "binarylog/grpc_binarylog_v1",
    "codes",
    "connectivity",
    "credentials",
    "credentials/internal",
    "encoding",
    "encoding/proto",
    "grpclog",
    "internal",
    "internal/backoff",
    "internal/balancerload",
    "internal/binarylog",
    "internal/buffer",
    "internal/channelz",
    "internal/envconfig",
    "internal/grpcrand",
    "internal/grpcsync",
    "internal/resolver/dns",
    "internal/resolver/passthrough",
    "internal/syscall",
    "internal/transport",
    "keepalive",
    "metadata",
    "naming",
    "peer",
    "reflection",
    "reflection/grpc_reflection_v1alpha",
    "resolver",
    "serviceconfig",
    "stats",
    "status",
    "tap",
  ]
  pruneopts = ""
  revision = "f5b0812e6fe574d90da76b205e9eb51f6ddb1919"
  version = "v1.26.0"

[solve-meta]
  analyzer-name = "dep"
  analyzer-version = 1
  input-imports = [
    "github.com/grpc-ecosystem/go-grpc-middleware/auth",
    "github.com/nalej/derrors",
    "github.com/nalej/grpc-application-go",
    "github.com/nalej/grpc-authx-go",
    "github.com/nalej/grpc-common-go",
    "github.com/nalej/grpc-infrastructure-go",
    "github.com/nalej/grpc-organization-go",
    "github.com/nalej/grpc-organization-manager-go",
    "github.com/nalej/grpc-signup-go",
    "github.com/nalej/grpc-user-manager-go",
    "github.com/nalej/grpc-utils/pkg/conversions",
    "github.com/rs/zerolog",
    "github.com/rs/zerolog/log",
    "github.com/spf13/cobra",
    "google.golang.org/grpc",
    "google.golang.org/grpc/codes",
    "google.golang.org/grpc/credentials",
    "google.golang.org/grpc/peer",
    "google.golang.org/grpc/reflection",
    "google.golang.org/grpc/status",
  ]
  solver-name = "gps-cdcl"
  solver-version = 1
