# This file is autogenerated, do not edit; changes may be undone by the next 'dep ensure'.


[[projects]]
  digest = "1:3dd078fda7500c341bc26cfbc6c6a34614f295a2457149fc1045cab767cbcf18"
  name = "github.com/golang/protobuf"
  packages = [
    "proto",
    "protoc-gen-go/descriptor",
    "ptypes",
    "ptypes/any",
    "ptypes/duration",
    "ptypes/timestamp",
  ]
  pruneopts = ""
  revision = "aa810b61a9c79d51363740d207bb46cf8e620ed5"
  version = "v1.2.0"

[[projects]]
  digest = "1:870d441fe217b8e689d7949fef6e43efbc787e50f200cb1e70dbca9204a1d6be"
  name = "github.com/inconshreveable/mousetrap"
  packages = ["."]
  pruneopts = ""
  revision = "76626ae9c91c4f2a10f34cad8ce83ea42c93bb75"
  version = "v1.0"

[[projects]]
  digest = "1:0cc441f3dfe124dd74f44dd7e466dfc17cc7edff468094fbc3847a96b5ebf6f7"
  name = "github.com/nalej/derrors"
  packages = ["."]
  pruneopts = ""
  revision = "7a6df7f0bb1c7cddfec82c91119f193f6fcbc9d5"
  version = "v2.0.0"

[[projects]]
  digest = "1:0826248ce462419e9144445b9cd1dcf7abebbea7f3b5a4a4169efb9bc914f927"
  name = "github.com/nalej/grpc-authx-go"
  packages = ["."]
  pruneopts = ""
  revision = "0b55296344d780ef5aa88943c987734d89f5bef6"
  version = "v0.0.16"

[[projects]]
  digest = "1:ad5aaa4ee6fb1817a899d0a2d0c9dfe6b84aad7b7b7d80ec8278b6872c3c898e"
  name = "github.com/nalej/grpc-common-go"
  packages = ["."]
  pruneopts = ""
  revision = "15d1e726cd46e61e0274444dca89dddf1c5b144c"
  version = "v0.0.11"

[[projects]]
  digest = "1:db9d368ab8ba8b6f1388a734966636f1d91df3a99aaf621599b965ee810758fe"
  name = "github.com/nalej/grpc-organization-go"
  packages = ["."]
  pruneopts = ""
  revision = "8bcb4536c3d0e1c6fbbf911c845ab45bf8236d4e"
  version = "v0.0.10"

[[projects]]
  digest = "1:2a1b4cf5d1766299be983e3f6642b44bb0cdf9fd2948e1adea46972145e319a0"
  name = "github.com/nalej/grpc-signup-go"
  packages = ["."]
  pruneopts = ""
  revision = "15552b21511c9438c3a0afb9d81746cfb7cb360d"
  version = "v0.0.1"

[[projects]]
  digest = "1:35587d294beb57652287b416025a1b396c9b9601d04ebad60ff6cc7e562db063"
  name = "github.com/nalej/grpc-user-go"
  packages = ["."]
  pruneopts = ""
  revision = "a5edf64266930689228ca13a36f0c241128ffbb9"
  version = "v0.0.8"

[[projects]]
  digest = "1:f89f24c55253e03eb10c7687da77db38fcba660a21b18b8afeac1fea0a29d893"
  name = "github.com/nalej/grpc-user-manager-go"
  packages = ["."]
  pruneopts = ""
  revision = "dbb17f495f3b2c1dfec129c6fc952f23cb2491c5"
  version = "v0.0.5"

[[projects]]
  digest = "1:05c1a54c80e2d88b6af8f6e3af68ded6ef7f5aea9a28873fb68edc72ea798581"
  name = "github.com/nalej/grpc-utils"
  packages = [
    "pkg/conversions",
    "pkg/tools",
  ]
  pruneopts = ""
  revision = "5dd4662c03100806b57763212966a72e0c4b85e5"
  version = "v1.1.0"

[[projects]]
  digest = "1:500c6be86030a46ff4b26f0c6b2195b9dc952f62c98cf9f6124a042cdde3ad1a"
  name = "github.com/rs/zerolog"
  packages = [
    ".",
    "internal/cbor",
    "internal/json",
    "log",
  ]
  pruneopts = ""
  revision = "e7627a4f73bfd66654c39d79386e5374cc36ffec"
  version = "v1.10.0"

[[projects]]
  digest = "1:a1403cc8a94b8d7956ee5e9694badef0e7b051af289caad1cf668331e3ffa4f6"
  name = "github.com/spf13/cobra"
  packages = ["."]
  pruneopts = ""
  revision = "ef82de70bb3f60c65fb8eebacbb2d122ef517385"
  version = "v0.0.3"

[[projects]]
  digest = "1:cbaf13cdbfef0e4734ed8a7504f57fe893d471d62a35b982bf6fb3f036449a66"
  name = "github.com/spf13/pflag"
  packages = ["."]
  pruneopts = ""
  revision = "298182f68c66c05229eb03ac171abe6e309ee79a"
  version = "v1.0.3"

[[projects]]
  branch = "master"
  digest = "1:6ce856debb8efe03fa14d8637c6f573df043d2571cacca0266f122b3d4716729"
  name = "golang.org/x/net"
  packages = [
    "context",
    "http/httpguts",
    "http2",
    "http2/hpack",
    "idna",
    "internal/timeseries",
    "trace",
  ]
  pruneopts = ""
  revision = "10aee181995363b41f712a55844a0dd52ea04646"

[[projects]]
  branch = "master"
  digest = "1:f057f607494fd12af8117402e581f2c0397651158dfd25866ca2982ccbb45ef9"
  name = "golang.org/x/sys"
  packages = ["unix"]
  pruneopts = ""
  revision = "7155702f2d47d94b134229da97195d0130cab001"

[[projects]]
  digest = "1:5acd3512b047305d49e8763eef7ba423901e85d5dd2fd1e71778a0ea8de10bd4"
  name = "golang.org/x/text"
  packages = [
    "collate",
    "collate/build",
    "internal/colltab",
    "internal/gen",
    "internal/tag",
    "internal/triegen",
    "internal/ucd",
    "language",
    "secure/bidirule",
    "transform",
    "unicode/bidi",
    "unicode/cldr",
    "unicode/norm",
    "unicode/rangetable",
  ]
  pruneopts = ""
  revision = "f21a4dfb5e38f5895301dc265a8def02365cc3d0"
  version = "v0.3.0"

[[projects]]
  branch = "master"
  digest = "1:80aae82eb03dd30038e2002cdbf3dc269bc17bfd170ef5c5a816b224ae29776f"
  name = "google.golang.org/genproto"
  packages = [
    "googleapis/rpc/errdetails",
    "googleapis/rpc/status",
  ]
  pruneopts = ""
  revision = "c830210a61dfaa790e1920f8d0470fc27bc2efbe"

[[projects]]
  digest = "1:1293087271e314cfa2b3decededba2ecba0ff327e7b7809e00f73f616449191c"
  name = "google.golang.org/grpc"
  packages = [
    ".",
    "balancer",
    "balancer/base",
    "balancer/roundrobin",
    "codes",
    "connectivity",
    "credentials",
    "encoding",
    "encoding/proto",
    "grpclog",
    "internal",
    "internal/backoff",
    "internal/channelz",
    "internal/envconfig",
    "internal/grpcrand",
    "internal/transport",
    "keepalive",
    "metadata",
    "naming",
    "peer",
    "reflection",
    "reflection/grpc_reflection_v1alpha",
    "resolver",
    "resolver/dns",
    "resolver/passthrough",
    "stats",
    "status",
    "tap",
  ]
  pruneopts = ""
  revision = "2e463a05d100327ca47ac218281906921038fd95"
  version = "v1.16.0"

[solve-meta]
  analyzer-name = "dep"
  analyzer-version = 1
  input-imports = [
    "github.com/nalej/derrors",
    "github.com/nalej/grpc-authx-go",
    "github.com/nalej/grpc-organization-go",
    "github.com/nalej/grpc-signup-go",
    "github.com/nalej/grpc-user-manager-go",
    "github.com/nalej/grpc-utils/pkg/conversions",
    "github.com/nalej/grpc-utils/pkg/tools",
    "github.com/rs/zerolog",
    "github.com/rs/zerolog/log",
    "github.com/spf13/cobra",
    "google.golang.org/grpc",
    "google.golang.org/grpc/reflection",
  ]
  solver-name = "gps-cdcl"
  solver-version = 1
